
Microsoft Visual Studio Solution File, Format Version 12.00
# Visual Studio 14
VisualStudioVersion = 14.0.25420.1
MinimumVisualStudioVersion = 10.0.40219.1
Project("{FAE04EC0-301F-11D3-BF4B-00C04F79EFBC}") = "Minesweep", "Minesweep\Minesweep.csproj", "{FDC34E0D-C593-4B13-AD02-BA858CCAFE13}"
EndProject
Project("{FAE04EC0-301F-11D3-BF4B-00C04F79EFBC}") = "Minesweep.Model", "Minesweep.Model\Minesweep.Model.csproj", "{CF957E1B-3585-4B04-8837-924896AD2B57}"
EndProject
Project("{FAE04EC0-301F-11D3-BF4B-00C04F79EFBC}") = "MineSweepConsole", "MineSweepConsole\MineSweepConsole.csproj", "{ABD6EF98-5D0B-4E54-A668-CC4850121452}"
EndProject
Global
	GlobalSection(SolutionConfigurationPlatforms) = preSolution
		Debug|Any CPU = Debug|Any CPU
		Release|Any CPU = Release|Any CPU
	EndGlobalSection
	GlobalSection(ProjectConfigurationPlatforms) = postSolution
		{FDC34E0D-C593-4B13-AD02-BA858CCAFE13}.Debug|Any CPU.ActiveCfg = Debug|Any CPU
		{FDC34E0D-C593-4B13-AD02-BA858CCAFE13}.Debug|Any CPU.Build.0 = Debug|Any CPU
		{FDC34E0D-C593-4B13-AD02-BA858CCAFE13}.Release|Any CPU.ActiveCfg = Release|Any CPU
		{FDC34E0D-C593-4B13-AD02-BA858CCAFE13}.Release|Any CPU.Build.0 = Release|Any CPU
		{CF957E1B-3585-4B04-8837-924896AD2B57}.Debug|Any CPU.ActiveCfg = Debug|Any CPU
		{CF957E1B-3585-4B04-8837-924896AD2B57}.Debug|Any CPU.Build.0 = Debug|Any CPU
		{CF957E1B-3585-4B04-8837-924896AD2B57}.Release|Any CPU.ActiveCfg = Release|Any CPU
		{CF957E1B-3585-4B04-8837-924896AD2B57}.Release|Any CPU.Build.0 = Release|Any CPU
		{ABD6EF98-5D0B-4E54-A668-CC4850121452}.Debug|Any CPU.ActiveCfg = Debug|Any CPU
		{ABD6EF98-5D0B-4E54-A668-CC4850121452}.Debug|Any CPU.Build.0 = Debug|Any CPU
		{ABD6EF98-5D0B-4E54-A668-CC4850121452}.Release|Any CPU.ActiveCfg = Release|Any CPU
		{ABD6EF98-5D0B-4E54-A668-CC4850121452}.Release|Any CPU.Build.0 = Release|Any CPU
	EndGlobalSection
	GlobalSection(SolutionProperties) = preSolution
		HideSolutionNode = FALSE
	EndGlobalSection
EndGlobal
